
Microsoft Visual Studio Solution File, Format Version 12.00
# Visual Studio Version 17
VisualStudioVersion = 17.5.33627.172
MinimumVisualStudioVersion = 10.0.40219.1
Project("{FAE04EC0-301F-11D3-BF4B-00C04F79EFBC}") = "JorgitoTVApi", "JorgitoTVApi\JorgitoTVApi.csproj", "{2870B668-0D67-4B20-A64F-6E50088ED663}"
EndProject
Global
	GlobalSection(SolutionConfigurationPlatforms) = preSolution
		Debug|Any CPU = Debug|Any CPU
		Release|Any CPU = Release|Any CPU
	EndGlobalSection
	GlobalSection(ProjectConfigurationPlatforms) = postSolution
		{2870B668-0D67-4B20-A64F-6E50088ED663}.Debug|Any CPU.ActiveCfg = Debug|Any CPU
		{2870B668-0D67-4B20-A64F-6E50088ED663}.Debug|Any CPU.Build.0 = Debug|Any CPU
		{2870B668-0D67-4B20-A64F-6E50088ED663}.Release|Any CPU.ActiveCfg = Release|Any CPU
		{2870B668-0D67-4B20-A64F-6E50088ED663}.Release|Any CPU.Build.0 = Release|Any CPU
	EndGlobalSection
	GlobalSection(SolutionProperties) = preSolution
		HideSolutionNode = FALSE
	EndGlobalSection
	GlobalSection(ExtensibilityGlobals) = postSolution
		SolutionGuid = {FA11A4F4-A584-46E1-B25D-FC88A91BFF19}
	EndGlobalSection
EndGlobal
